
Microsoft Visual Studio Solution File, Format Version 12.00
# Visual Studio Version 16
VisualStudioVersion = 16.0.28803.156
MinimumVisualStudioVersion = 10.0.40219.1
Project("{9A19103F-16F7-4668-BE54-9A1E7A4F7556}") = "EmployeeTrainingSystem", "EmployeeTrainingSystem\EmployeeTrainingSystem.csproj", "{F532E592-0B8C-4D97-972E-A249FEB2107F}"
EndProject
Project("{9A19103F-16F7-4668-BE54-9A1E7A4F7556}") = "EmployeeTrainingEntity", "EmployeeTrainingEntity\EmployeeTrainingEntity.csproj", "{FFE09E20-AE13-46D7-B24B-156DCAB3AC4E}"
EndProject
Global
	GlobalSection(SolutionConfigurationPlatforms) = preSolution
		Debug|Any CPU = Debug|Any CPU
		Release|Any CPU = Release|Any CPU
	EndGlobalSection
	GlobalSection(ProjectConfigurationPlatforms) = postSolution
		{F532E592-0B8C-4D97-972E-A249FEB2107F}.Debug|Any CPU.ActiveCfg = Debug|Any CPU
		{F532E592-0B8C-4D97-972E-A249FEB2107F}.Debug|Any CPU.Build.0 = Debug|Any CPU
		{F532E592-0B8C-4D97-972E-A249FEB2107F}.Release|Any CPU.ActiveCfg = Release|Any CPU
		{F532E592-0B8C-4D97-972E-A249FEB2107F}.Release|Any CPU.Build.0 = Release|Any CPU
		{FFE09E20-AE13-46D7-B24B-156DCAB3AC4E}.Debug|Any CPU.ActiveCfg = Debug|Any CPU
		{FFE09E20-AE13-46D7-B24B-156DCAB3AC4E}.Debug|Any CPU.Build.0 = Debug|Any CPU
		{FFE09E20-AE13-46D7-B24B-156DCAB3AC4E}.Release|Any CPU.ActiveCfg = Release|Any CPU
		{FFE09E20-AE13-46D7-B24B-156DCAB3AC4E}.Release|Any CPU.Build.0 = Release|Any CPU
	EndGlobalSection
	GlobalSection(SolutionProperties) = preSolution
		HideSolutionNode = FALSE
	EndGlobalSection
	GlobalSection(ExtensibilityGlobals) = postSolution
		SolutionGuid = {F6F1D08D-696F-4465-860C-B2424D3A2472}
	EndGlobalSection
	GlobalSection(TeamFoundationVersionControl) = preSolution
		SccNumberOfProjects = 3
		SccEnterpriseProvider = {4CA58AB2-18FA-4F8D-95D4-32DDF27D184C}
		SccTeamFoundationServer = http://222.217.36.98:18088/tfs/lzzy.studentworkplaces
		SccProjectUniqueName0 = EmployeeTrainingSystem\\EmployeeTrainingSystem.csproj
		SccProjectName0 = EmployeeTrainingSystem
		SccLocalPath0 = EmployeeTrainingSystem
		SccProjectUniqueName1 = EmployeeTrainingEntity\\EmployeeTrainingEntity.csproj
		SccProjectName1 = EmployeeTrainingEntity
		SccLocalPath1 = EmployeeTrainingEntity
		SccLocalPath2 = .
	EndGlobalSection
EndGlobal
